Microsoft Visual Studio Solution File, Format Version 12.00
# Visual Studio Version 16
VisualStudioVersion = 16.0.29905.134
MinimumVisualStudioVersion = 10.0.40219.1
Project("{9A19103F-16F7-4668-BE54-9A1E7A4F7556}") = "CompuMaster.Scopevisio.OpenApi", "src\CompuMaster.Scopevisio.OpenApi\CompuMaster.Scopevisio.OpenApi.csproj", "{59C6F37B-4487-49D0-9B64-C8B9E772272C}"
EndProject
Project("{9A19103F-16F7-4668-BE54-9A1E7A4F7556}") = "CompuMaster.Scopevisio.OpenApi.Test.NetStandard", "src\CompuMaster.Scopevisio.OpenApi.Test.NetStandard\CompuMaster.Scopevisio.OpenApi.Test.NetStandard.csproj", "{8CA7D7C9-425E-4F8E-BD06-74DDD04D79E8}"
EndProject
Project("{FAE04EC0-301F-11D3-BF4B-00C04F79EFBC}") = "ConsoleSampleApp", "src\ConsoleSampleApp\ConsoleSampleApp.csproj", "{612F8DBB-46C3-430B-9083-FD25DBB15275}"
EndProject
Project("{2150E333-8FDC-42A3-9474-1A3956D46DE8}") = "Solution Items", "Solution Items", "{8FDD29A3-7D26-48C7-8C27-922FEEED0B24}"
	ProjectSection(SolutionItems) = preProject
		.editorconfig = .editorconfig
	EndProjectSection
EndProject
Global
	GlobalSection(SolutionConfigurationPlatforms) = preSolution
		Debug|Any CPU = Debug|Any CPU
		Release|Any CPU = Release|Any CPU
	EndGlobalSection
	GlobalSection(ProjectConfigurationPlatforms) = postSolution
		{59C6F37B-4487-49D0-9B64-C8B9E772272C}.Debug|Any CPU.ActiveCfg = Debug|Any CPU
		{59C6F37B-4487-49D0-9B64-C8B9E772272C}.Debug|Any CPU.Build.0 = Debug|Any CPU
		{59C6F37B-4487-49D0-9B64-C8B9E772272C}.Release|Any CPU.ActiveCfg = Release|Any CPU
		{59C6F37B-4487-49D0-9B64-C8B9E772272C}.Release|Any CPU.Build.0 = Release|Any CPU
		{19F1DEBC-DE5E-4517-8062-F000CD499087}.Debug|Any CPU.ActiveCfg = Debug|Any CPU
		{19F1DEBC-DE5E-4517-8062-F000CD499087}.Debug|Any CPU.Build.0 = Debug|Any CPU
		{19F1DEBC-DE5E-4517-8062-F000CD499087}.Release|Any CPU.ActiveCfg = Release|Any CPU
		{19F1DEBC-DE5E-4517-8062-F000CD499087}.Release|Any CPU.Build.0 = Release|Any CPU
		{612F8DBB-46C3-430B-9083-FD25DBB15275}.Debug|Any CPU.ActiveCfg = Debug|Any CPU
		{612F8DBB-46C3-430B-9083-FD25DBB15275}.Debug|Any CPU.Build.0 = Debug|Any CPU
		{612F8DBB-46C3-430B-9083-FD25DBB15275}.Release|Any CPU.ActiveCfg = Release|Any CPU
		{612F8DBB-46C3-430B-9083-FD25DBB15275}.Release|Any CPU.Build.0 = Release|Any CPU
		{8CA7D7C9-425E-4F8E-BD06-74DDD04D79E8}.Debug|Any CPU.ActiveCfg = Debug|Any CPU
		{8CA7D7C9-425E-4F8E-BD06-74DDD04D79E8}.Debug|Any CPU.Build.0 = Debug|Any CPU
		{8CA7D7C9-425E-4F8E-BD06-74DDD04D79E8}.Release|Any CPU.ActiveCfg = Release|Any CPU
		{8CA7D7C9-425E-4F8E-BD06-74DDD04D79E8}.Release|Any CPU.Build.0 = Release|Any CPU
	EndGlobalSection
	GlobalSection(SolutionProperties) = preSolution
		HideSolutionNode = FALSE
	EndGlobalSection
	GlobalSection(ExtensibilityGlobals) = postSolution
		SolutionGuid = {5EBEE784-F141-4A06-91C8-B286A506392E}
	EndGlobalSection
EndGlobal
